
Microsoft Visual Studio Solution File, Format Version 12.00
# Visual Studio Version 17
VisualStudioVersion = 17.0.31903.59
MinimumVisualStudioVersion = 10.0.40219.1
Project("{FAE04EC0-301F-11D3-BF4B-00C04F79EFBC}") = "firestore", "firestore\firestore.csproj", "{77F78943-0358-4F8D-8D06-0ECFF026885E}"
EndProject
Global
	GlobalSection(SolutionConfigurationPlatforms) = preSolution
		Debug|Any CPU = Debug|Any CPU
		Release|Any CPU = Release|Any CPU
	EndGlobalSection
	GlobalSection(SolutionProperties) = preSolution
		HideSolutionNode = FALSE
	EndGlobalSection
	GlobalSection(ProjectConfigurationPlatforms) = postSolution
		{77F78943-0358-4F8D-8D06-0ECFF026885E}.Debug|Any CPU.ActiveCfg = Debug|Any CPU
		{77F78943-0358-4F8D-8D06-0ECFF026885E}.Debug|Any CPU.Build.0 = Debug|Any CPU
		{77F78943-0358-4F8D-8D06-0ECFF026885E}.Release|Any CPU.ActiveCfg = Release|Any CPU
		{77F78943-0358-4F8D-8D06-0ECFF026885E}.Release|Any CPU.Build.0 = Release|Any CPU
	EndGlobalSection
EndGlobal
